
Microsoft Visual Studio Solution File, Format Version 12.00
# Visual Studio Version 16
VisualStudioVersion = 16.0.35731.53
MinimumVisualStudioVersion = 10.0.40219.1
Project("{FAE04EC0-301F-11D3-BF4B-00C04F79EFBC}") = "exibirnome", "exibirnome.csproj", "{65AE39FA-E807-41C4-83A8-F52664A6A60E}"
EndProject
Global
	GlobalSection(SolutionConfigurationPlatforms) = preSolution
		Debug|Any CPU = Debug|Any CPU
		Debug|x64 = Debug|x64
		Release|Any CPU = Release|Any CPU
		Release|x64 = Release|x64
	EndGlobalSection
	GlobalSection(ProjectConfigurationPlatforms) = postSolution
		{65AE39FA-E807-41C4-83A8-F52664A6A60E}.Debug|Any CPU.ActiveCfg = Debug|Any CPU
		{65AE39FA-E807-41C4-83A8-F52664A6A60E}.Debug|Any CPU.Build.0 = Debug|Any CPU
		{65AE39FA-E807-41C4-83A8-F52664A6A60E}.Debug|x64.ActiveCfg = Debug|x64
		{65AE39FA-E807-41C4-83A8-F52664A6A60E}.Debug|x64.Build.0 = Debug|x64
		{65AE39FA-E807-41C4-83A8-F52664A6A60E}.Release|Any CPU.ActiveCfg = Release|Any CPU
		{65AE39FA-E807-41C4-83A8-F52664A6A60E}.Release|Any CPU.Build.0 = Release|Any CPU
		{65AE39FA-E807-41C4-83A8-F52664A6A60E}.Release|x64.ActiveCfg = Release|x64
		{65AE39FA-E807-41C4-83A8-F52664A6A60E}.Release|x64.Build.0 = Release|x64
	EndGlobalSection
	GlobalSection(SolutionProperties) = preSolution
		HideSolutionNode = FALSE
	EndGlobalSection
	GlobalSection(ExtensibilityGlobals) = postSolution
		SolutionGuid = {D949DD3B-FF4E-444C-BBA2-860103CD1926}
	EndGlobalSection
EndGlobal
